
Microsoft Visual Studio Solution File, Format Version 12.00
# Visual Studio Version 17
VisualStudioVersion = 17.11.35312.102
MinimumVisualStudioVersion = 10.0.40219.1
Project("{9A19103F-16F7-4668-BE54-9A1E7A4F7556}") = "theatredeck", "theatredeck.csproj", "{74226915-D00F-4B2B-8E2E-0FEE3B6BA2ED}"
EndProject
Global
	GlobalSection(SolutionConfigurationPlatforms) = preSolution
		Debug|Any CPU = Debug|Any CPU
		Release|Any CPU = Release|Any CPU
	EndGlobalSection
	GlobalSection(ProjectConfigurationPlatforms) = postSolution
		{74226915-D00F-4B2B-8E2E-0FEE3B6BA2ED}.Debug|Any CPU.ActiveCfg = Debug|Any CPU
		{74226915-D00F-4B2B-8E2E-0FEE3B6BA2ED}.Debug|Any CPU.Build.0 = Debug|Any CPU
		{74226915-D00F-4B2B-8E2E-0FEE3B6BA2ED}.Release|Any CPU.ActiveCfg = Release|Any CPU
		{74226915-D00F-4B2B-8E2E-0FEE3B6BA2ED}.Release|Any CPU.Build.0 = Release|Any CPU
	EndGlobalSection
	GlobalSection(SolutionProperties) = preSolution
		HideSolutionNode = FALSE
	EndGlobalSection
	GlobalSection(ExtensibilityGlobals) = postSolution
		SolutionGuid = {174E6B65-FB80-4F34-B195-84C8E7745169}
	EndGlobalSection
EndGlobal
